
Microsoft Visual Studio Solution File, Format Version 12.00
# Visual Studio Version 17
VisualStudioVersion = 17.14.36717.8
MinimumVisualStudioVersion = 10.0.40219.1
Project("{FAE04EC0-301F-11D3-BF4B-00C04F79EFBC}") = "EcoffodFront", "EcoffodFront.csproj", "{11343A84-57E4-4A19-883B-97C31D33B1DA}"
EndProject
Global
	GlobalSection(SolutionConfigurationPlatforms) = preSolution
		Debug|Any CPU = Debug|Any CPU
		Release|Any CPU = Release|Any CPU
	EndGlobalSection
	GlobalSection(ProjectConfigurationPlatforms) = postSolution
		{11343A84-57E4-4A19-883B-97C31D33B1DA}.Debug|Any CPU.ActiveCfg = Debug|Any CPU
		{11343A84-57E4-4A19-883B-97C31D33B1DA}.Debug|Any CPU.Build.0 = Debug|Any CPU
		{11343A84-57E4-4A19-883B-97C31D33B1DA}.Release|Any CPU.ActiveCfg = Release|Any CPU
		{11343A84-57E4-4A19-883B-97C31D33B1DA}.Release|Any CPU.Build.0 = Release|Any CPU
	EndGlobalSection
	GlobalSection(SolutionProperties) = preSolution
		HideSolutionNode = FALSE
	EndGlobalSection
	GlobalSection(ExtensibilityGlobals) = postSolution
		SolutionGuid = {980FBC35-2375-4832-A951-BEBF7E44827A}
	EndGlobalSection
EndGlobal
